
Microsoft Visual Studio Solution File, Format Version 12.00
# Visual Studio Version 17
VisualStudioVersion = 17.8.34330.188
MinimumVisualStudioVersion = 10.0.40219.1
Project("{FAE04EC0-301F-11D3-BF4B-00C04F79EFBC}") = "Hardware Store Management System", "Hardware Store Management System\Hardware Store Management System.csproj", "{AD727F78-0ADE-4434-B480-FE4C3A256266}"
EndProject
Global
	GlobalSection(SolutionConfigurationPlatforms) = preSolution
		Debug|Any CPU = Debug|Any CPU
		Release|Any CPU = Release|Any CPU
	EndGlobalSection
	GlobalSection(ProjectConfigurationPlatforms) = postSolution
		{AD727F78-0ADE-4434-B480-FE4C3A256266}.Debug|Any CPU.ActiveCfg = Debug|Any CPU
		{AD727F78-0ADE-4434-B480-FE4C3A256266}.Debug|Any CPU.Build.0 = Debug|Any CPU
		{AD727F78-0ADE-4434-B480-FE4C3A256266}.Release|Any CPU.ActiveCfg = Release|Any CPU
		{AD727F78-0ADE-4434-B480-FE4C3A256266}.Release|Any CPU.Build.0 = Release|Any CPU
	EndGlobalSection
	GlobalSection(SolutionProperties) = preSolution
		HideSolutionNode = FALSE
	EndGlobalSection
	GlobalSection(ExtensibilityGlobals) = postSolution
		SolutionGuid = {97CEA185-6FC3-4502-B878-210808DD538E}
	EndGlobalSection
EndGlobal
